# This file is automatically @generated by Cargo.
# It is not intended for manual editing.
version = 3

[[package]]
name = "hw1"
version = "0.1.0"

[[package]]
name = "hw2"
version = "0.1.0"

[[package]]
name = "hw3"
version = "0.1.0"

[[package]]
name = "hw4"
version = "0.1.0"

[[package]]
name = "hw5"
version = "0.1.0"

[[package]]
name = "hw6"
version = "0.1.0"

[[package]]
name = "hw7"
version = "0.1.0"

[[package]]
name = "practice"
version = "0.1.0"
